// !$*UTF8*$!
{
	archiveVersion = 1;
	classes = {
	};
	objectVersion = 50;
	objects = {

/* Begin PBXBuildFile section */
		B20DD124228E767F00DB1D52 /* MainTabBarController.swift in Sources */ = {isa = PBXBuildFile; fileRef = B20DD123228E767F00DB1D52 /* MainTabBarController.swift */; };
		B20DD126228E794B00DB1D52 /* Extensions+UIView.swift in Sources */ = {isa = PBXBuildFile; fileRef = B20DD125228E794B00DB1D52 /* Extensions+UIView.swift */; };
		B20DD129228E7AF500DB1D52 /* Default-568h@2x.png in Resources */ = {isa = PBXBuildFile; fileRef = B20DD128228E7AF500DB1D52 /* Default-568h@2x.png */; };
		B2411C21228EB14F0059094C /* thirdViewController.swift in Sources */ = {isa = PBXBuildFile; fileRef = B2411C20228EB14F0059094C /* thirdViewController.swift */; };
		B2F61A43228E4DC700C280A7 /* AppDelegate.swift in Sources */ = {isa = PBXBuildFile; fileRef = B2F61A42228E4DC700C280A7 /* AppDelegate.swift */; };
		B2F61A45228E4DC700C280A7 /* FirstViewController.swift in Sources */ = {isa = PBXBuildFile; fileRef = B2F61A44228E4DC700C280A7 /* FirstViewController.swift */; };
		B2F61A47228E4DC700C280A7 /* SecondViewController.swift in Sources */ = {isa = PBXBuildFile; fileRef = B2F61A46228E4DC700C280A7 /* SecondViewController.swift */; };
		B2F61A4C228E4DCB00C280A7 /* Assets.xcassets in Resources */ = {isa = PBXBuildFile; fileRef = B2F61A4B228E4DCB00C280A7 /* Assets.xcassets */; };
		B2F61A4F228E4DCB00C280A7 /* LaunchScreen.storyboard in Resources */ = {isa = PBXBuildFile; fileRef = B2F61A4D228E4DCB00C280A7 /* LaunchScreen.storyboard */; };
/* End PBXBuildFile section */

/* Begin PBXFileReference section */
		B20DD123228E767F00DB1D52 /* MainTabBarController.swift */ = {isa = PBXFileReference; lastKnownFileType = sourcecode.swift; path = MainTabBarController.swift; sourceTree = "<group>"; };
		B20DD125228E794B00DB1D52 /* Extensions+UIView.swift */ = {isa = PBXFileReference; fileEncoding = 4; lastKnownFileType = sourcecode.swift; path = "Extensions+UIView.swift"; sourceTree = "<group>"; };
		B20DD128228E7AF500DB1D52 /* Default-568h@2x.png */ = {isa = PBXFileReference; lastKnownFileType = image.png; path = "Default-568h@2x.png"; sourceTree = "<group>"; };
		B2411C1C228EA2E40059094C /* Info.plist */ = {isa = PBXFileReference; fileEncoding = 4; lastKnownFileType = text.plist.xml; path = Info.plist; sourceTree = "<group>"; };
		B2411C20228EB14F0059094C /* thirdViewController.swift */ = {isa = PBXFileReference; lastKnownFileType = sourcecode.swift; path = thirdViewController.swift; sourceTree = "<group>"; };
		B2F61A3F228E4DC700C280A7 /* tab1.app */ = {isa = PBXFileReference; explicitFileType = wrapper.application; includeInIndex = 0; path = tab1.app; sourceTree = BUILT_PRODUCTS_DIR; };
		B2F61A42228E4DC700C280A7 /* AppDelegate.swift */ = {isa = PBXFileReference; lastKnownFileType = sourcecode.swift; path = AppDelegate.swift; sourceTree = "<group>"; };
		B2F61A44228E4DC700C280A7 /* FirstViewController.swift */ = {isa = PBXFileReference; lastKnownFileType = sourcecode.swift; path = FirstViewController.swift; sourceTree = "<group>"; };
		B2F61A46228E4DC700C280A7 /* SecondViewController.swift */ = {isa = PBXFileReference; lastKnownFileType = sourcecode.swift; path = SecondViewController.swift; sourceTree = "<group>"; };
		B2F61A4B228E4DCB00C280A7 /* Assets.xcassets */ = {isa = PBXFileReference; lastKnownFileType = folder.assetcatalog; path = Assets.xcassets; sourceTree = "<group>"; };
		B2F61A4E228E4DCB00C280A7 /* Base */ = {isa = PBXFileReference; lastKnownFileType = file.storyboard; name = Base; path = Base.lproj/LaunchScreen.storyboard; sourceTree = "<group>"; };
/* End PBXFileReference section */

/* Begin PBXFrameworksBuildPhase section */
		B2F61A3C228E4DC700C280A7 /* Frameworks */ = {
			isa = PBXFrameworksBuildPhase;
			buildActionMask = 2147483647;
			files = (
			);
			runOnlyForDeploymentPostprocessing = 0;
		};
/* End PBXFrameworksBuildPhase section */

/* Begin PBXGroup section */
		B20DD127228E795E00DB1D52 /* Suppport */ = {
			isa = PBXGroup;
			children = (
				B20DD128228E7AF500DB1D52 /* Default-568h@2x.png */,
				B20DD125228E794B00DB1D52 /* Extensions+UIView.swift */,
				B2F61A4D228E4DCB00C280A7 /* LaunchScreen.storyboard */,
				B2F61A4B228E4DCB00C280A7 /* Assets.xcassets */,
			);
			path = Suppport;
			sourceTree = "<group>";
		};
		B2F61A36228E4DC600C280A7 = {
			isa = PBXGroup;
			children = (
				B2F61A41228E4DC700C280A7 /* tab1 */,
				B2F61A40228E4DC700C280A7 /* Products */,
			);
			sourceTree = "<group>";
		};
		B2F61A40228E4DC700C280A7 /* Products */ = {
			isa = PBXGroup;
			children = (
				B2F61A3F228E4DC700C280A7 /* tab1.app */,
			);
			name = Products;
			sourceTree = "<group>";
		};
		B2F61A41228E4DC700C280A7 /* tab1 */ = {
			isa = PBXGroup;
			children = (
				B20DD123228E767F00DB1D52 /* MainTabBarController.swift */,
				B2F61A44228E4DC700C280A7 /* FirstViewController.swift */,
				B2F61A46228E4DC700C280A7 /* SecondViewController.swift */,
				B2411C20228EB14F0059094C /* thirdViewController.swift */,
				B2F61A42228E4DC700C280A7 /* AppDelegate.swift */,
				B2411C1C228EA2E40059094C /* Info.plist */,
				B20DD127228E795E00DB1D52 /* Suppport */,
			);
			path = tab1;
			sourceTree = "<group>";
		};
/* End PBXGroup section */

/* Begin PBXNativeTarget section */
		B2F61A3E228E4DC700C280A7 /* tab1 */ = {
			isa = PBXNativeTarget;
			buildConfigurationList = B2F61A53228E4DCB00C280A7 /* Build configuration list for PBXNativeTarget "tab1" */;
			buildPhases = (
				B2F61A3B228E4DC700C280A7 /* Sources */,
				B2F61A3C228E4DC700C280A7 /* Frameworks */,
				B2F61A3D228E4DC700C280A7 /* Resources */,
			);
			buildRules = (
			);
			dependencies = (
			);
			name = tab1;
			productName = tab1;
			productReference = B2F61A3F228E4DC700C280A7 /* tab1.app */;
			productType = "com.apple.product-type.application";
		};
/* End PBXNativeTarget section */

/* Begin PBXProject section */
		B2F61A37228E4DC700C280A7 /* Project object */ = {
			isa = PBXProject;
			attributes = {
				LastSwiftUpdateCheck = 1020;
				LastUpgradeCheck = 1020;
				ORGANIZATIONNAME = shark.com.tw;
				TargetAttributes = {
					B2F61A3E228E4DC700C280A7 = {
						CreatedOnToolsVersion = 10.2.1;
					};
				};
			};
			buildConfigurationList = B2F61A3A228E4DC700C280A7 /* Build configuration list for PBXProject "tab1" */;
			compatibilityVersion = "Xcode 9.3";
			developmentRegion = en;
			hasScannedForEncodings = 0;
			knownRegions = (
				en,
				Base,
			);
			mainGroup = B2F61A36228E4DC600C280A7;
			productRefGroup = B2F61A40228E4DC700C280A7 /* Products */;
			projectDirPath = "";
			projectRoot = "";
			targets = (
				B2F61A3E228E4DC700C280A7 /* tab1 */,
			);
		};
/* End PBXProject section */

/* Begin PBXResourcesBuildPhase section */
		B2F61A3D228E4DC700C280A7 /* Resources */ = {
			isa = PBXResourcesBuildPhase;
			buildActionMask = 2147483647;
			files = (
				B2F61A4F228E4DCB00C280A7 /* LaunchScreen.storyboard in Resources */,
				B2F61A4C228E4DCB00C280A7 /* Assets.xcassets in Resources */,
				B20DD129228E7AF500DB1D52 /* Default-568h@2x.png in Resources */,
			);
			runOnlyForDeploymentPostprocessing = 0;
		};
/* End PBXResourcesBuildPhase section */

/* Begin PBXSourcesBuildPhase section */
		B2F61A3B228E4DC700C280A7 /* Sources */ = {
			isa = PBXSourcesBuildPhase;
			buildActionMask = 2147483647;
			files = (
				B2F61A47228E4DC700C280A7 /* SecondViewController.swift in Sources */,
				B20DD124228E767F00DB1D52 /* MainTabBarController.swift in Sources */,
				B2411C21228EB14F0059094C /* thirdViewController.swift in Sources */,
				B2F61A43228E4DC700C280A7 /* AppDelegate.swift in Sources */,
				B2F61A45228E4DC700C280A7 /* FirstViewController.swift in Sources */,
				B20DD126228E794B00DB1D52 /* Extensions+UIView.swift in Sources */,
			);
			runOnlyForDeploymentPostprocessing = 0;
		};
/* End PBXSourcesBuildPhase section */

/* Begin PBXVariantGroup section */
		B2F61A4D228E4DCB00C280A7 /* LaunchScreen.storyboard */ = {
			isa = PBXVariantGroup;
			children = (
				B2F61A4E228E4DCB00C280A7 /* Base */,
			);
			name = LaunchScreen.storyboard;
			sourceTree = "<group>";
		};
/* End PBXVariantGroup section */

/* Begin XCBuildConfiguration section */
		B2F61A51228E4DCB00C280A7 /* Debug */ = {
			isa = XCBuildConfiguration;
			buildSettings = {
				ALWAYS_SEARCH_USER_PATHS = NO;
				CLANG_ANALYZER_NONNULL = YES;
				CLANG_ANALYZER_NUMBER_OBJECT_CONVERSION = YES_AGGRESSIVE;
				CLANG_CXX_LANGUAGE_STANDARD = "gnu++14";
				CLANG_CXX_LIBRARY = "libc++";
				CLANG_ENABLE_MODULES = YES;
				CLANG_ENABLE_OBJC_ARC = YES;
				CLANG_ENABLE_OBJC_WEAK = YES;
				CLANG_WARN_BLOCK_CAPTURE_AUTORELEASING = YES;
				CLANG_WARN_BOOL_CONVERSION = YES;
				CLANG_WARN_COMMA = YES;
				CLANG_WARN_CONSTANT_CONVERSION = YES;
				CLANG_WARN_DEPRECATED_OBJC_IMPLEMENTATIONS = YES;
				CLANG_WARN_DIRECT_OBJC_ISA_USAGE = YES_ERROR;
				CLANG_WARN_DOCUMENTATION_COMMENTS = YES;
				CLANG_WARN_EMPTY_BODY = YES;
				CLANG_WARN_ENUM_CONVERSION = YES;
				CLANG_WARN_INFINITE_RECURSION = YES;
				CLANG_WARN_INT_CONVERSION = YES;
				CLANG_WARN_NON_LITERAL_NULL_CONVERSION = YES;
				CLANG_WARN_OBJC_IMPLICIT_RETAIN_SELF = YES;
				CLANG_WARN_OBJC_LITERAL_CONVERSION = YES;
				CLANG_WARN_OBJC_ROOT_CLASS = YES_ERROR;
				CLANG_WARN_RANGE_LOOP_ANALYSIS = YES;
				CLANG_WARN_STRICT_PROTOTYPES = YES;
				CLANG_WARN_SUSPICIOUS_MOVE = YES;
				CLANG_WARN_UNGUARDED_AVAILABILITY = YES_AGGRESSIVE;
				CLANG_WARN_UNREACHABLE_CODE = YES;
				CLANG_WARN__DUPLICATE_METHOD_MATCH = YES;
				CODE_SIGN_IDENTITY = "iPhone Developer";
				COPY_PHASE_STRIP = NO;
				DEBUG_INFORMATION_FORMAT = dwarf;
				ENABLE_STRICT_OBJC_MSGSEND = YES;
				ENABLE_TESTABILITY = YES;
				GCC_C_LANGUAGE_STANDARD = gnu11;
				GCC_DYNAMIC_NO_PIC = NO;
				GCC_NO_COMMON_BLOCKS = YES;
				GCC_OPTIMIZATION_LEVEL = 0;
				GCC_PREPROCESSOR_DEFINITIONS = (
					"DEBUG=1",
					"$(inherited)",
				);
				GCC_WARN_64_TO_32_BIT_CONVERSION = YES;
				GCC_WARN_ABOUT_RETURN_TYPE = YES_ERROR;
				GCC_WARN_UNDECLARED_SELECTOR = YES;
				GCC_WARN_UNINITIALIZED_AUTOS = YES_AGGRESSIVE;
				GCC_WARN_UNUSED_FUNCTION = YES;
				GCC_WARN_UNUSED_VARIABLE = YES;
				IPHONEOS_DEPLOYMENT_TARGET = 12.2;
				MTL_ENABLE_DEBUG_INFO = INCLUDE_SOURCE;
				MTL_FAST_MATH = YES;
				ONLY_ACTIVE_ARCH = YES;
				SDKROOT = iphoneos;
				SWIFT_ACTIVE_COMPILATION_CONDITIONS = DEBUG;
				SWIFT_OPTIMIZATION_LEVEL = "-Onone";
			};
			name = Debug;
		};
		B2F61A52228E4DCB00C280A7 /* Release */ = {
			isa = XCBuildConfiguration;
			buildSettings = {
				ALWAYS_SEARCH_USER_PATHS = NO;
				CLANG_ANALYZER_NONNULL = YES;
				CLANG_ANALYZER_NUMBER_OBJECT_CONVERSION = YES_AGGRESSIVE;
				CLANG_CXX_LANGUAGE_STANDARD = "gnu++14";
				CLANG_CXX_LIBRARY = "libc++";
				CLANG_ENABLE_MODULES = YES;
				CLANG_ENABLE_OBJC_ARC = YES;
				CLANG_ENABLE_OBJC_WEAK = YES;
				CLANG_WARN_BLOCK_CAPTURE_AUTORELEASING = YES;
				CLANG_WARN_BOOL_CONVERSION = YES;
				CLANG_WARN_COMMA = YES;
				CLANG_WARN_CONSTANT_CONVERSION = YES;
				CLANG_WARN_DEPRECATED_OBJC_IMPLEMENTATIONS = YES;
				CLANG_WARN_DIRECT_OBJC_ISA_USAGE = YES_ERROR;
				CLANG_WARN_DOCUMENTATION_COMMENTS = YES;
				CLANG_WARN_EMPTY_BODY = YES;
				CLANG_WARN_ENUM_CONVERSION = YES;
				CLANG_WARN_INFINITE_RECURSION = YES;
				CLANG_WARN_INT_CONVERSION = YES;
				CLANG_WARN_NON_LITERAL_NULL_CONVERSION = YES;
				CLANG_WARN_OBJC_IMPLICIT_RETAIN_SELF = YES;
				CLANG_WARN_OBJC_LITERAL_CONVERSION = YES;
				CLANG_WARN_OBJC_ROOT_CLASS = YES_ERROR;
				CLANG_WARN_RANGE_LOOP_ANALYSIS = YES;
				CLANG_WARN_STRICT_PROTOTYPES = YES;
				CLANG_WARN_SUSPICIOUS_MOVE = YES;
				CLANG_WARN_UNGUARDED_AVAILABILITY = YES_AGGRESSIVE;
				CLANG_WARN_UNREACHABLE_CODE = YES;
				CLANG_WARN__DUPLICATE_METHOD_MATCH = YES;
				CODE_SIGN_IDENTITY = "iPhone Developer";
				COPY_PHASE_STRIP = NO;
				DEBUG_INFORMATION_FORMAT = "dwarf-with-dsym";
				ENABLE_NS_ASSERTIONS = NO;
				ENABLE_STRICT_OBJC_MSGSEND = YES;
				GCC_C_LANGUAGE_STANDARD = gnu11;
				GCC_NO_COMMON_BLOCKS = YES;
				GCC_WARN_64_TO_32_BIT_CONVERSION = YES;
				GCC_WARN_ABOUT_RETURN_TYPE = YES_ERROR;
				GCC_WARN_UNDECLARED_SELECTOR = YES;
				GCC_WARN_UNINITIALIZED_AUTOS = YES_AGGRESSIVE;
				GCC_WARN_UNUSED_FUNCTION = YES;
				GCC_WARN_UNUSED_VARIABLE = YES;
				IPHONEOS_DEPLOYMENT_TARGET = 12.2;
				MTL_ENABLE_DEBUG_INFO = NO;
				MTL_FAST_MATH = YES;
				SDKROOT = iphoneos;
				SWIFT_COMPILATION_MODE = wholemodule;
				SWIFT_OPTIMIZATION_LEVEL = "-O";
				VALIDATE_PRODUCT = YES;
			};
			name = Release;
		};
		B2F61A54228E4DCB00C280A7 /* Debug */ = {
			isa = XCBuildConfiguration;
			buildSettings = {
				ASSETCATALOG_COMPILER_APPICON_NAME = AppIcon;
				CODE_SIGN_STYLE = Automatic;
				DEVELOPMENT_TEAM = 25HQJGGH6U;
				INFOPLIST_FILE = tab1/Info.plist;
				LD_RUNPATH_SEARCH_PATHS = (
					"$(inherited)",
					"@executable_path/Frameworks",
				);
				PRODUCT_BUNDLE_IDENTIFIER = shark.com.tw.tab1;
				PRODUCT_NAME = "$(TARGET_NAME)";
				SWIFT_VERSION = 5.0;
				TARGETED_DEVICE_FAMILY = "1,2";
			};
			name = Debug;
		};
		B2F61A55228E4DCB00C280A7 /* Release */ = {
			isa = XCBuildConfiguration;
			buildSettings = {
				ASSETCATALOG_COMPILER_APPICON_NAME = AppIcon;
				CODE_SIGN_STYLE = Automatic;
				DEVELOPMENT_TEAM = 25HQJGGH6U;
				INFOPLIST_FILE = tab1/Info.plist;
				LD_RUNPATH_SEARCH_PATHS = (
					"$(inherited)",
					"@executable_path/Frameworks",
				);
				PRODUCT_BUNDLE_IDENTIFIER = shark.com.tw.tab1;
				PRODUCT_NAME = "$(TARGET_NAME)";
				SWIFT_VERSION = 5.0;
				TARGETED_DEVICE_FAMILY = "1,2";
			};
			name = Release;
		};
/* End XCBuildConfiguration section */

/* Begin XCConfigurationList section */
		B2F61A3A228E4DC700C280A7 /* Build configuration list for PBXProject "tab1" */ = {
			isa = XCConfigurationList;
			buildConfigurations = (
				B2F61A51228E4DCB00C280A7 /* Debug */,
				B2F61A52228E4DCB00C280A7 /* Release */,
			);
			defaultConfigurationIsVisible = 0;
			defaultConfigurationName = Release;
		};
		B2F61A53228E4DCB00C280A7 /* Build configuration list for PBXNativeTarget "tab1" */ = {
			isa = XCConfigurationList;
			buildConfigurations = (
				B2F61A54228E4DCB00C280A7 /* Debug */,
				B2F61A55228E4DCB00C280A7 /* Release */,
			);
			defaultConfigurationIsVisible = 0;
			defaultConfigurationName = Release;
		};
/* End XCConfigurationList section */
	};
	rootObject = B2F61A37228E4DC700C280A7 /* Project object */;
}
